{
  "name": "@paypal/sdk-release",
  "version": "1.0.107",
  "lockfileVersion": 1,
  "requires": true,
  "dependencies": {
    "@braintree/asset-loader": {
      "version": "0.2.1",
      "resolved": "https://registry.npmjs.org/@braintree/asset-loader/-/asset-loader-0.2.1.tgz",
      "integrity": "sha512-KNzByHqcZKHm6lss1dGCbLs9K4XrmLqn5YNdL0e7g7A0dzUU4mhXmZF+7rLAqX+XP9gE6nSaf7xh+TBj7oo24w==",
      "requires": {
        "promise-polyfill": "8.1.0"
      }
    },
    "@braintree/browser-detection": {
      "version": "1.7.0",
      "resolved": "https://registry.npmjs.org/@braintree/browser-detection/-/browser-detection-1.7.0.tgz",
      "integrity": "sha1-iVumS3AMPzbKtcVFkcr3GkEXHdg="
    },
    "@braintree/class-list": {
      "version": "0.1.0",
      "resolved": "https://registry.npmjs.org/@braintree/class-list/-/class-list-0.1.0.tgz",
      "integrity": "sha512-AmXPsYhiNJKcxuwkgQjwyyTwFCeRlyFTeUJ9ecV/jLxS8ZH8fCAB4enYgArMRyvCekZZkqLK54kOJ6+OJBzJwA=="
    },
    "@braintree/iframer": {
      "version": "1.0.3",
      "resolved": "https://registry.npmjs.org/@braintree/iframer/-/iframer-1.0.3.tgz",
      "integrity": "sha1-Id0f1M69QVSuqx76TVsNX0OENk4="
    },
    "@braintree/sanitize-url": {
      "version": "3.0.0",
      "resolved": "https://registry.npmjs.org/@braintree/sanitize-url/-/sanitize-url-3.0.0.tgz",
      "integrity": "sha512-ymeXC1qObTag/hhEG7BoTMdIzuhKekTxNJTIfiVXsoP1fUXHKBpr0EfCsSA06BuP5gxTPs2vDKjtmYbgvEfY+g=="
    },
    "@braintree/wrap-promise": {
      "version": "1.1.1",
      "resolved": "https://registry.npmjs.org/@braintree/wrap-promise/-/wrap-promise-1.1.1.tgz",
      "integrity": "sha1-0ix2hV5tS0ASYQBgQh+uGjfskLA="
    },
    "@paypal/card-components": {
      "version": "1.0.23",
      "resolved": "https://registry.npmjs.org/@paypal/card-components/-/card-components-1.0.23.tgz",
      "integrity": "sha512-VNIG1YBBenGxkWPWW9oteYrUv6fHyCyCoLhMlI78uJ504yksMtWj/qG0qYTf0RLiUgGUfwAqr4QTxzpFcLMNkw==",
      "requires": {
        "@paypal/sdk-client": "4.0.51",
        "@paypal/sdk-constants": "1.0.19",
        "belter": "1.0.86",
        "braintree-web": "3.42.0",
        "jsx-pragmatic": "1.0.13",
        "zalgo-promise": "1.0.38",
        "zoid": "8.0.9"
      }
    },
    "@paypal/checkout-components": {
      "version": "4.1.45",
      "resolved": "https://registry.npmjs.org/@paypal/checkout-components/-/checkout-components-4.1.45.tgz",
      "integrity": "sha512-qz6RMg3fiTXTp2KW8mvTTgJbmCpX5u2Z4kR5dJgdalzSROA0Nsw/SjpBJRG8vMLKE1TocwQ1ctJ6zijWK5Ah9A==",
      "requires": {
        "@paypal/sdk-client": "4.0.51",
        "@paypal/sdk-constants": "1.0.19",
        "@paypal/sdk-logos": "1.0.4",
        "belter": "1.0.86",
        "cross-domain-utils": "2.0.24",
        "jsx-pragmatic": "1.0.13",
        "post-robot": "9.0.36",
        "zalgo-promise": "1.0.38",
        "zoid": "8.0.9"
      }
    },
    "@paypal/example-components": {
      "version": "1.0.27",
      "resolved": "https://registry.npmjs.org/@paypal/example-components/-/example-components-1.0.27.tgz",
      "integrity": "sha512-/+jAtBNuIo9ZPTXl98B+lsjeay26lZI3kEzBg/BARELOrVKLWynSAZY51glfLET4gDKjlTU1OggOdJLcE+PbHA==",
      "requires": {
        "@paypal/sdk-client": "4.0.51"
      }
    },
    "@paypal/muse-components": {
      "version": "1.0.0",
      "resolved": "https://registry.npmjs.org/@paypal/muse-components/-/muse-components-1.0.0.tgz",
      "integrity": "sha512-GW3zaFazYKllf+VoZr6Gq1X3P3VmLL3IVrZXCIfRE7LZMy4MlQN1LiZwZV+vR4JSVUfYMka7wfJde9iSnmTjNQ==",
      "requires": {
        "@paypal/sdk-client": "4.0.51"
      }
    },
    "@paypal/sdk-client": {
      "version": "4.0.51",
      "resolved": "https://registry.npmjs.org/@paypal/sdk-client/-/sdk-client-4.0.51.tgz",
      "integrity": "sha512-EE6d0mjIlOJ6QCLphVuh5z713PxahzFLZc4JnG6DetEaRZKz7jAgIwDoeFJDtjhkwLEYr7+4VGbE2KlgjWVb8w==",
      "requires": {
        "@paypal/sdk-constants": "1.0.19",
        "beaver-logger": "4.0.6",
        "belter": "1.0.86",
        "bowser": "1.9.4",
        "jsx-pragmatic": "1.0.13",
        "zalgo-promise": "1.0.38"
      }
    },
    "@paypal/sdk-constants": {
      "version": "1.0.19",
      "resolved": "https://registry.npmjs.org/@paypal/sdk-constants/-/sdk-constants-1.0.19.tgz",
      "integrity": "sha512-TJEK6VKMPGPvJbr7U4FkOoJurskSWy6JwB7wLmS3ji/rv54gi0AuMoE0mRIDQWr+YORgriyAMF1JqrKrPTSJzw==",
      "requires": {
        "cross-domain-utils": "2.0.24",
        "hi-base32": "0.5.0",
        "zalgo-promise": "1.0.38"
      }
    },
    "@paypal/sdk-logos": {
      "version": "1.0.4",
      "resolved": "https://registry.npmjs.org/@paypal/sdk-logos/-/sdk-logos-1.0.4.tgz",
      "integrity": "sha512-u1G4WxWzz3kC3kzwCrciGCwO1vwHDtslxf8Bkb/iV3zThTbr9nxsEJp1aNfULk1CN2fdVsFALBil8GTyk3fFAg==",
      "requires": {
        "@paypal/sdk-constants": "1.0.19",
        "belter": "1.0.86",
        "jsx-pragmatic": "1.0.13"
      }
    },
    "beaver-logger": {
      "version": "4.0.6",
      "resolved": "https://registry.npmjs.org/beaver-logger/-/beaver-logger-4.0.6.tgz",
      "integrity": "sha512-iTOMcv4mIpqOg8RCPEftvZesIkiuXt/taLUI92wTmwYZODUBeOnXuHjBsMhWIAqUrP/o4hONFTkEbwwmIUmvDw==",
      "requires": {
        "belter": "1.0.86",
        "zalgo-promise": "1.0.38"
      }
    },
    "belter": {
      "version": "1.0.86",
      "resolved": "https://registry.npmjs.org/belter/-/belter-1.0.86.tgz",
      "integrity": "sha512-bTbtVBHTerLyBExRuetwjt7ABFI/LH7qySf+Ktd3z09PaQqLiDRm1QJHdZKaXx9VZ6XDBqTQr/4UWkWlsN8aAQ==",
      "requires": {
        "cross-domain-safe-weakmap": "1.0.23",
        "cross-domain-utils": "2.0.24",
        "zalgo-promise": "1.0.38"
      }
    },
    "bowser": {
      "version": "1.9.4",
      "resolved": "https://registry.npmjs.org/bowser/-/bowser-1.9.4.tgz",
      "integrity": "sha512-9IdMmj2KjigRq6oWhmwv1W36pDuA4STQZ8q6YO9um+x07xgYNCD3Oou+WP/3L1HNz7iqythGet3/p4wvc8AAwQ=="
    },
    "braintree-web": {
      "version": "3.42.0",
      "resolved": "https://registry.npmjs.org/braintree-web/-/braintree-web-3.42.0.tgz",
      "integrity": "sha512-R6Eyjz1XCftNk5RVVfcDwWtdlXqguLyWtXGXa7BjK6D2r4/PXqUGRzakWcKUtAYOixibjl0JKHLjf9DzxpTH5w==",
      "requires": {
        "@braintree/asset-loader": "0.2.1",
        "@braintree/browser-detection": "1.7.0",
        "@braintree/class-list": "0.1.0",
        "@braintree/iframer": "1.0.3",
        "@braintree/sanitize-url": "3.0.0",
        "@braintree/wrap-promise": "1.1.1",
        "card-validator": "6.1.0",
        "credit-card-type": "8.0.0",
        "framebus": "3.0.2",
        "inject-stylesheet": "1.0.0",
        "promise-polyfill": "8.1.0",
        "restricted-input": "1.2.7"
      }
    },
    "card-validator": {
      "version": "6.1.0",
      "resolved": "https://registry.npmjs.org/card-validator/-/card-validator-6.1.0.tgz",
      "integrity": "sha512-YAeCZvHFXj7zxYSjfQEOmL5c19+Bfpdi1hl9BIeAE7a56V3jPO9CbIVwSPPL4yoVPVjfE4Osp44c05UeELhu4A==",
      "requires": {
        "credit-card-type": "8.0.0"
      }
    },
    "credit-card-type": {
      "version": "8.0.0",
      "resolved": "https://registry.npmjs.org/credit-card-type/-/credit-card-type-8.0.0.tgz",
      "integrity": "sha512-q3k5fbLJJIkPTBLr03Wo2Ui8cF5vHE8eTT/3K7BUW1ROoyns2vHoglWrzjmU/8JKA0X7JFlYlUVuDRwn7l2ldw=="
    },
    "cross-domain-safe-weakmap": {
      "version": "1.0.23",
      "resolved": "https://registry.npmjs.org/cross-domain-safe-weakmap/-/cross-domain-safe-weakmap-1.0.23.tgz",
      "integrity": "sha512-yGsAJzibnlDcWESitCcO6mAbywWL+jV2woftEPgyfuPcA6sFdT1TGI99DZPZfyYxkFPKpP7tCgQcH2V5CJVUaQ==",
      "requires": {
        "cross-domain-utils": "2.0.24"
      }
    },
    "cross-domain-utils": {
      "version": "2.0.24",
      "resolved": "https://registry.npmjs.org/cross-domain-utils/-/cross-domain-utils-2.0.24.tgz",
      "integrity": "sha512-pt6i27qG5xuPKBnZtgAYeML4tgWpGLwf2hwKsfZVZtBBHgTC1K44WECU1HeHgHUVLiBjQcojW3OeGa2DRywumQ==",
      "requires": {
        "zalgo-promise": "1.0.38"
      }
    },
    "framebus": {
      "version": "3.0.2",
      "resolved": "https://registry.npmjs.org/framebus/-/framebus-3.0.2.tgz",
      "integrity": "sha512-OqhYkhgRYlpKZoSl5EA3whKh8O8omFPCzf7MGzFqC6CtrT8lg7evNgU6QdjC3uY3ATq5saMDiY5HJ8KGiGDYCA=="
    },
    "hi-base32": {
      "version": "0.5.0",
      "resolved": "https://registry.npmjs.org/hi-base32/-/hi-base32-0.5.0.tgz",
      "integrity": "sha512-DDRmxSyoYuvjUb9EnXdoiMChBZ7ZcUVJsK5Frd3kqMhuBxvmZdnBeynAVfj7/ECbn++CekcoprvC/rprHPAtow=="
    },
    "inject-stylesheet": {
      "version": "1.0.0",
      "resolved": "https://registry.npmjs.org/inject-stylesheet/-/inject-stylesheet-1.0.0.tgz",
      "integrity": "sha1-9nMEdFjuWPEJ/uTPtmsJ82LMwmE="
    },
    "jsx-pragmatic": {
      "version": "1.0.13",
      "resolved": "https://registry.npmjs.org/jsx-pragmatic/-/jsx-pragmatic-1.0.13.tgz",
      "integrity": "sha512-bSEC08Sh0hmCkkyYxCc87OMPAxf+FTfeuIphjGKK3rqC2Cnlz2zhRcznLe5IXT4eRtkfM2nyebOczR2dGuV5fQ=="
    },
    "post-robot": {
      "version": "9.0.36",
      "resolved": "https://registry.npmjs.org/post-robot/-/post-robot-9.0.36.tgz",
      "integrity": "sha512-eTSuMG4EODm93k+TVmHYemD6JUbZDQO4uas7RcyfF78y6t3osAqIpD0+4e4YoTK7DPFnvgF+4PT3ywprF/a2qQ==",
      "requires": {
        "belter": "1.0.86",
        "cross-domain-safe-weakmap": "1.0.23",
        "cross-domain-utils": "2.0.24",
        "universal-serialize": "1.0.7",
        "zalgo-promise": "1.0.38"
      }
    },
    "promise-polyfill": {
      "version": "8.1.0",
      "resolved": "https://registry.npmjs.org/promise-polyfill/-/promise-polyfill-8.1.0.tgz",
      "integrity": "sha512-OzSf6gcCUQ01byV4BgwyUCswlaQQ6gzXc23aLQWhicvfX9kfsUiUhgt3CCQej8jDnl8/PhGF31JdHX2/MzF3WA=="
    },
    "restricted-input": {
      "version": "1.2.7",
      "resolved": "https://registry.npmjs.org/restricted-input/-/restricted-input-1.2.7.tgz",
      "integrity": "sha1-4SmPX9jEMMwtjmuxF1UkAjIFyzQ=",
      "requires": {
        "@braintree/browser-detection": "1.7.0"
      }
    },
    "universal-serialize": {
      "version": "1.0.7",
      "resolved": "https://registry.npmjs.org/universal-serialize/-/universal-serialize-1.0.7.tgz",
      "integrity": "sha512-rHWw4zdhPqKqbBu3GbNzdicHRc+0byzAFFcImDMo8x+S9yYfyqYQQcr749NV8jO/0YisMzd+LjeivdbHUzA67A=="
    },
    "zalgo-promise": {
      "version": "1.0.38",
      "resolved": "https://registry.npmjs.org/zalgo-promise/-/zalgo-promise-1.0.38.tgz",
      "integrity": "sha512-+dj0kZU9poywiJ3nIFns3o10XXbbptugvO51TxwD8/V0SIEi+Jw/of0MeJZ8CO7gH9jqzD0MQ/Q1PXAx8GlOQw=="
    },
    "zoid": {
      "version": "8.0.9",
      "resolved": "https://registry.npmjs.org/zoid/-/zoid-8.0.9.tgz",
      "integrity": "sha512-yMLpFjFS0jOVkhq9LPK1nH/vM/qm0pCVSWmf1YkREy0+fwog3tmmFX9qw4X2gSJpX0afAOOwcWi7W+CifkUP4w==",
      "requires": {
        "cross-domain-safe-weakmap": "1.0.23",
        "cross-domain-utils": "2.0.24",
        "jsx-pragmatic": "1.0.13",
        "post-robot": "9.0.36",
        "zalgo-promise": "1.0.38"
      }
    }
  }
}
