{
  "name": "@paypal/sdk-release",
  "version": "1.0.103",
  "lockfileVersion": 1,
  "requires": true,
  "dependencies": {
    "@braintree/asset-loader": {
      "version": "0.2.1",
      "resolved": "https://registry.npmjs.org/@braintree/asset-loader/-/asset-loader-0.2.1.tgz",
      "integrity": "sha512-KNzByHqcZKHm6lss1dGCbLs9K4XrmLqn5YNdL0e7g7A0dzUU4mhXmZF+7rLAqX+XP9gE6nSaf7xh+TBj7oo24w==",
      "requires": {
        "promise-polyfill": "8.1.0"
      }
    },
    "@braintree/browser-detection": {
      "version": "1.7.0",
      "resolved": "https://registry.npmjs.org/@braintree/browser-detection/-/browser-detection-1.7.0.tgz",
      "integrity": "sha1-iVumS3AMPzbKtcVFkcr3GkEXHdg="
    },
    "@braintree/class-list": {
      "version": "0.1.0",
      "resolved": "https://registry.npmjs.org/@braintree/class-list/-/class-list-0.1.0.tgz",
      "integrity": "sha512-AmXPsYhiNJKcxuwkgQjwyyTwFCeRlyFTeUJ9ecV/jLxS8ZH8fCAB4enYgArMRyvCekZZkqLK54kOJ6+OJBzJwA=="
    },
    "@braintree/iframer": {
      "version": "1.0.3",
      "resolved": "https://registry.npmjs.org/@braintree/iframer/-/iframer-1.0.3.tgz",
      "integrity": "sha1-Id0f1M69QVSuqx76TVsNX0OENk4="
    },
    "@braintree/sanitize-url": {
      "version": "3.0.0",
      "resolved": "https://registry.npmjs.org/@braintree/sanitize-url/-/sanitize-url-3.0.0.tgz",
      "integrity": "sha512-ymeXC1qObTag/hhEG7BoTMdIzuhKekTxNJTIfiVXsoP1fUXHKBpr0EfCsSA06BuP5gxTPs2vDKjtmYbgvEfY+g=="
    },
    "@braintree/wrap-promise": {
      "version": "1.1.1",
      "resolved": "https://registry.npmjs.org/@braintree/wrap-promise/-/wrap-promise-1.1.1.tgz",
      "integrity": "sha1-0ix2hV5tS0ASYQBgQh+uGjfskLA="
    },
    "@paypal/card-components": {
      "version": "1.0.23",
      "resolved": "https://registry.npmjs.org/@paypal/card-components/-/card-components-1.0.23.tgz",
      "integrity": "sha512-VNIG1YBBenGxkWPWW9oteYrUv6fHyCyCoLhMlI78uJ504yksMtWj/qG0qYTf0RLiUgGUfwAqr4QTxzpFcLMNkw==",
      "requires": {
        "@paypal/sdk-client": "4.0.46",
        "@paypal/sdk-constants": "1.0.17",
        "belter": "1.0.82",
        "braintree-web": "3.42.0",
        "jsx-pragmatic": "1.0.11",
        "zalgo-promise": "1.0.36",
        "zoid": "8.0.5"
      }
    },
    "@paypal/checkout-components": {
      "version": "4.1.44",
      "resolved": "https://registry.npmjs.org/@paypal/checkout-components/-/checkout-components-4.1.44.tgz",
      "integrity": "sha512-Dq/fVArwyMcVBsYrRqBL51J0IQ/bcPzvCr0umcnnHDK5U7fDpOEyUziB6/dGzX+7N1WiyXKRw+VxjK9lMHDR1Q==",
      "requires": {
        "@paypal/sdk-client": "4.0.46",
        "@paypal/sdk-constants": "1.0.17",
        "@paypal/sdk-logos": "1.0.4",
        "belter": "1.0.82",
        "cross-domain-utils": "2.0.23",
        "jsx-pragmatic": "1.0.11",
        "post-robot": "9.0.34",
        "zalgo-promise": "1.0.36",
        "zoid": "8.0.5"
      }
    },
    "@paypal/example-components": {
      "version": "1.0.27",
      "resolved": "https://registry.npmjs.org/@paypal/example-components/-/example-components-1.0.27.tgz",
      "integrity": "sha512-/+jAtBNuIo9ZPTXl98B+lsjeay26lZI3kEzBg/BARELOrVKLWynSAZY51glfLET4gDKjlTU1OggOdJLcE+PbHA==",
      "requires": {
        "@paypal/sdk-client": "4.0.46"
      }
    },
    "@paypal/sdk-client": {
      "version": "4.0.46",
      "resolved": "https://registry.npmjs.org/@paypal/sdk-client/-/sdk-client-4.0.46.tgz",
      "integrity": "sha512-YLXypuo1ndvbNwMtp1Kd/NV6rFlQB4YzTigOkB567FxkOIYVH7/oqS/5zdQ7L2BSgPZJswPHOiKMEHlp1f8hqg==",
      "requires": {
        "@paypal/sdk-constants": "1.0.17",
        "beaver-logger": "4.0.6",
        "belter": "1.0.82",
        "bowser": "1.9.4",
        "jsx-pragmatic": "1.0.11",
        "zalgo-promise": "1.0.36"
      }
    },
    "@paypal/sdk-constants": {
      "version": "1.0.17",
      "resolved": "https://registry.npmjs.org/@paypal/sdk-constants/-/sdk-constants-1.0.17.tgz",
      "integrity": "sha512-gL+PJDdoIvpWm7/x5j7Gv3Vw+Wy12LGNQ8Y9d57a6Crhw4J5GTV67VAE2AzDfAyuJqavFA2BejrMeg9jJhOf9w==",
      "requires": {
        "cross-domain-utils": "2.0.23",
        "hi-base32": "0.5.0",
        "zalgo-promise": "1.0.36"
      }
    },
    "@paypal/sdk-logos": {
      "version": "1.0.4",
      "resolved": "https://registry.npmjs.org/@paypal/sdk-logos/-/sdk-logos-1.0.4.tgz",
      "integrity": "sha512-u1G4WxWzz3kC3kzwCrciGCwO1vwHDtslxf8Bkb/iV3zThTbr9nxsEJp1aNfULk1CN2fdVsFALBil8GTyk3fFAg==",
      "requires": {
        "@paypal/sdk-constants": "1.0.17",
        "belter": "1.0.82",
        "jsx-pragmatic": "1.0.11"
      }
    },
    "beaver-logger": {
      "version": "4.0.6",
      "resolved": "https://registry.npmjs.org/beaver-logger/-/beaver-logger-4.0.6.tgz",
      "integrity": "sha512-iTOMcv4mIpqOg8RCPEftvZesIkiuXt/taLUI92wTmwYZODUBeOnXuHjBsMhWIAqUrP/o4hONFTkEbwwmIUmvDw==",
      "requires": {
        "belter": "1.0.82",
        "zalgo-promise": "1.0.36"
      }
    },
    "belter": {
      "version": "1.0.82",
      "resolved": "https://registry.npmjs.org/belter/-/belter-1.0.82.tgz",
      "integrity": "sha512-GPf72O5utRVNHdIH6ivQuKrd4aam/rOvCEiVVpJ2nrjD5dsrWR3GFwDsZSsEkLowYbNOxKPZvmT5FeGeituZ9Q==",
      "requires": {
        "cross-domain-safe-weakmap": "1.0.23",
        "cross-domain-utils": "2.0.23",
        "zalgo-promise": "1.0.36"
      }
    },
    "bowser": {
      "version": "1.9.4",
      "resolved": "https://registry.npmjs.org/bowser/-/bowser-1.9.4.tgz",
      "integrity": "sha512-9IdMmj2KjigRq6oWhmwv1W36pDuA4STQZ8q6YO9um+x07xgYNCD3Oou+WP/3L1HNz7iqythGet3/p4wvc8AAwQ=="
    },
    "braintree-web": {
      "version": "3.42.0",
      "resolved": "https://registry.npmjs.org/braintree-web/-/braintree-web-3.42.0.tgz",
      "integrity": "sha512-R6Eyjz1XCftNk5RVVfcDwWtdlXqguLyWtXGXa7BjK6D2r4/PXqUGRzakWcKUtAYOixibjl0JKHLjf9DzxpTH5w==",
      "requires": {
        "@braintree/asset-loader": "0.2.1",
        "@braintree/browser-detection": "1.7.0",
        "@braintree/class-list": "0.1.0",
        "@braintree/iframer": "1.0.3",
        "@braintree/sanitize-url": "3.0.0",
        "@braintree/wrap-promise": "1.1.1",
        "card-validator": "6.1.0",
        "credit-card-type": "8.0.0",
        "framebus": "3.0.2",
        "inject-stylesheet": "1.0.0",
        "promise-polyfill": "8.1.0",
        "restricted-input": "1.2.7"
      }
    },
    "card-validator": {
      "version": "6.1.0",
      "resolved": "https://registry.npmjs.org/card-validator/-/card-validator-6.1.0.tgz",
      "integrity": "sha512-YAeCZvHFXj7zxYSjfQEOmL5c19+Bfpdi1hl9BIeAE7a56V3jPO9CbIVwSPPL4yoVPVjfE4Osp44c05UeELhu4A==",
      "requires": {
        "credit-card-type": "8.0.0"
      }
    },
    "credit-card-type": {
      "version": "8.0.0",
      "resolved": "https://registry.npmjs.org/credit-card-type/-/credit-card-type-8.0.0.tgz",
      "integrity": "sha512-q3k5fbLJJIkPTBLr03Wo2Ui8cF5vHE8eTT/3K7BUW1ROoyns2vHoglWrzjmU/8JKA0X7JFlYlUVuDRwn7l2ldw=="
    },
    "cross-domain-safe-weakmap": {
      "version": "1.0.23",
      "resolved": "https://registry.npmjs.org/cross-domain-safe-weakmap/-/cross-domain-safe-weakmap-1.0.23.tgz",
      "integrity": "sha512-yGsAJzibnlDcWESitCcO6mAbywWL+jV2woftEPgyfuPcA6sFdT1TGI99DZPZfyYxkFPKpP7tCgQcH2V5CJVUaQ==",
      "requires": {
        "cross-domain-utils": "2.0.23"
      }
    },
    "cross-domain-utils": {
      "version": "2.0.23",
      "resolved": "https://registry.npmjs.org/cross-domain-utils/-/cross-domain-utils-2.0.23.tgz",
      "integrity": "sha512-xuVAS97YLJnqCALQeV8+4AIjzGPDK4ldmtRaReMPFbNgr3io+zLbGDjuzhLYgrVeWg6w76oALB8eiYA+HVvvaQ==",
      "requires": {
        "zalgo-promise": "1.0.36"
      }
    },
    "framebus": {
      "version": "3.0.2",
      "resolved": "https://registry.npmjs.org/framebus/-/framebus-3.0.2.tgz",
      "integrity": "sha512-OqhYkhgRYlpKZoSl5EA3whKh8O8omFPCzf7MGzFqC6CtrT8lg7evNgU6QdjC3uY3ATq5saMDiY5HJ8KGiGDYCA=="
    },
    "hi-base32": {
      "version": "0.5.0",
      "resolved": "https://registry.npmjs.org/hi-base32/-/hi-base32-0.5.0.tgz",
      "integrity": "sha512-DDRmxSyoYuvjUb9EnXdoiMChBZ7ZcUVJsK5Frd3kqMhuBxvmZdnBeynAVfj7/ECbn++CekcoprvC/rprHPAtow=="
    },
    "inject-stylesheet": {
      "version": "1.0.0",
      "resolved": "https://registry.npmjs.org/inject-stylesheet/-/inject-stylesheet-1.0.0.tgz",
      "integrity": "sha1-9nMEdFjuWPEJ/uTPtmsJ82LMwmE="
    },
    "jsx-pragmatic": {
      "version": "1.0.11",
      "resolved": "https://registry.npmjs.org/jsx-pragmatic/-/jsx-pragmatic-1.0.11.tgz",
      "integrity": "sha512-09B9DyfqllgWcRjU2lJxth2l4NSA3stc7Bursbjz0FgfGjinRkLSor1C/ZKkujFuLzdZ2kiuW11YbYSkulh7hA=="
    },
    "post-robot": {
      "version": "9.0.34",
      "resolved": "https://registry.npmjs.org/post-robot/-/post-robot-9.0.34.tgz",
      "integrity": "sha512-iOVyGQCD849+ljId7URaa2i5X+QnviAbi+kI4UsleN9tcrJCC3z1DmeMCFvtmwn8qLJOxyJ9+dmN8T+5bOB5fQ==",
      "requires": {
        "belter": "1.0.82",
        "cross-domain-safe-weakmap": "1.0.23",
        "cross-domain-utils": "2.0.23",
        "universal-serialize": "1.0.6",
        "zalgo-promise": "1.0.36"
      }
    },
    "promise-polyfill": {
      "version": "8.1.0",
      "resolved": "https://registry.npmjs.org/promise-polyfill/-/promise-polyfill-8.1.0.tgz",
      "integrity": "sha512-OzSf6gcCUQ01byV4BgwyUCswlaQQ6gzXc23aLQWhicvfX9kfsUiUhgt3CCQej8jDnl8/PhGF31JdHX2/MzF3WA=="
    },
    "restricted-input": {
      "version": "1.2.7",
      "resolved": "https://registry.npmjs.org/restricted-input/-/restricted-input-1.2.7.tgz",
      "integrity": "sha1-4SmPX9jEMMwtjmuxF1UkAjIFyzQ=",
      "requires": {
        "@braintree/browser-detection": "1.7.0"
      }
    },
    "universal-serialize": {
      "version": "1.0.6",
      "resolved": "https://registry.npmjs.org/universal-serialize/-/universal-serialize-1.0.6.tgz",
      "integrity": "sha512-X7VUgs4rXraJ0MmXBr0smrfwryQ8hK4zoLnM/MYHGgw0XO+hlQhsupM33jg3Cy6Hs4cwBE4D4/Lhezx1OLN2PQ=="
    },
    "zalgo-promise": {
      "version": "1.0.36",
      "resolved": "https://registry.npmjs.org/zalgo-promise/-/zalgo-promise-1.0.36.tgz",
      "integrity": "sha512-4DvF/ZfmpttabcWhvRUJrxqWE1X7ipc/n3i66gVtnduv3+85mFLsGTEwoS8aUU8bnQHHjk5q9LRp4Xg/5RsjXg=="
    },
    "zoid": {
      "version": "8.0.5",
      "resolved": "https://registry.npmjs.org/zoid/-/zoid-8.0.5.tgz",
      "integrity": "sha512-SIHpMx1a2BeGTCn/NrtUOHfOma2ZP4WHh7xJBidDmPEc22qqbMynPJjNkWpYhQHHTMcqndKuuI3HjyUTR7WvTQ==",
      "requires": {
        "cross-domain-safe-weakmap": "1.0.23",
        "cross-domain-utils": "2.0.23",
        "jsx-pragmatic": "1.0.11",
        "post-robot": "9.0.34",
        "zalgo-promise": "1.0.36"
      }
    }
  }
}
