{
  "name": "@paypal/sdk-release",
  "version": "5.0.116",
  "lockfileVersion": 1,
  "requires": true,
  "dependencies": {
    "@braintree/asset-loader": {
      "version": "0.3.1",
      "resolved": "https://registry.npmjs.org/@braintree/asset-loader/-/asset-loader-0.3.1.tgz",
      "integrity": "sha512-6Jkps+3iobSwMOqSXHUwIU39QARDFr0T6R/OcIAKX51SlZbc8q9VXl+lxjsDDnNF8cybXn07OGEypeNs9ZKJ6g==",
      "requires": {
        "promise-polyfill": "8.1.3"
      }
    },
    "@braintree/browser-detection": {
      "version": "1.9.0",
      "resolved": "https://registry.npmjs.org/@braintree/browser-detection/-/browser-detection-1.9.0.tgz",
      "integrity": "sha512-EEj6I9vRuxfvWRo4se5b13BP2nBVOJS9qoMKjFLJAMW+84/xgCaN6pYbZH8G6rDXhPUdkzqUPEGB3n+VdNFjTQ=="
    },
    "@braintree/class-list": {
      "version": "0.1.0",
      "resolved": "https://registry.npmjs.org/@braintree/class-list/-/class-list-0.1.0.tgz",
      "integrity": "sha512-AmXPsYhiNJKcxuwkgQjwyyTwFCeRlyFTeUJ9ecV/jLxS8ZH8fCAB4enYgArMRyvCekZZkqLK54kOJ6+OJBzJwA=="
    },
    "@braintree/event-emitter": {
      "version": "0.3.0",
      "resolved": "https://registry.npmjs.org/@braintree/event-emitter/-/event-emitter-0.3.0.tgz",
      "integrity": "sha512-yzC81QgTuL18RK9Da4C5oAyta5OLNZ3mGqiGKZFc8BKxOnGJN5ObhiFiOdbMbvPUYJQ4teZsal7j00o5RFlGcQ=="
    },
    "@braintree/extended-promise": {
      "version": "0.3.0",
      "resolved": "https://registry.npmjs.org/@braintree/extended-promise/-/extended-promise-0.3.0.tgz",
      "integrity": "sha512-AOBCcLlDo/JzxKfHN0s3QQjtDjVPgQAQ5INUomloTfg6qq5inEdHOkvts8Z/9RqqoCrOKgEbnRpGgWMQn+z1RA=="
    },
    "@braintree/iframer": {
      "version": "1.0.3",
      "resolved": "https://registry.npmjs.org/@braintree/iframer/-/iframer-1.0.3.tgz",
      "integrity": "sha1-Id0f1M69QVSuqx76TVsNX0OENk4="
    },
    "@braintree/sanitize-url": {
      "version": "4.0.0",
      "resolved": "https://registry.npmjs.org/@braintree/sanitize-url/-/sanitize-url-4.0.0.tgz",
      "integrity": "sha512-bOoFoTxuEUuri/v1q0OXN0HIrZ2EiZlRSKdveU8vS5xf2+g0TmpXhmxkTc1s+XWR5xZNoVU4uvf/Mher98tfLw=="
    },
    "@braintree/wrap-promise": {
      "version": "2.0.0",
      "resolved": "https://registry.npmjs.org/@braintree/wrap-promise/-/wrap-promise-2.0.0.tgz",
      "integrity": "sha512-I9s8c/bHBx7gM04yHGKjRoyqX1NhT4d3RIQjLZDW+yFI3DRmi/8JYDpxQeW4fiU6bWX2f3KV1Oa8r2nwKeaAwA=="
    },
    "@paypal/card-components": {
      "version": "1.0.37",
      "resolved": "https://registry.npmjs.org/@paypal/card-components/-/card-components-1.0.37.tgz",
      "integrity": "sha512-IL+4Ln9ebPVyfttYOKGGlhVDBa9pI2M6rtPTHLGAxnRz7ESsL3IKiJWthkbIhpmj1lWk2H/VxtJyl4xNfsbiBw==",
      "requires": {
        "@paypal/sdk-client": "4.0.113",
        "@paypal/sdk-constants": "1.0.47",
        "belter": "1.0.120",
        "braintree-web": "3.60.0",
        "jsx-pragmatic": "2.0.8",
        "zalgo-promise": "1.0.44",
        "zoid": "9.0.42"
      }
    },
    "@paypal/checkout-components": {
      "version": "5.0.86",
      "resolved": "https://registry.npmjs.org/@paypal/checkout-components/-/checkout-components-5.0.86.tgz",
      "integrity": "sha512-Xk2eq+Doi/6i+pnemh8rMk+nZ2o84GV/DZRozPXhQsQuscuOnpZBBZvLQKnWCyJPhTH0Kqx+sZR0gNOi6P0qVg==",
      "requires": {
        "@paypal/common-components": "1.0.8",
        "@paypal/funding-components": "1.0.15",
        "@paypal/risk-data-collector": "1.0.2",
        "@paypal/sdk-client": "4.0.113",
        "@paypal/sdk-constants": "1.0.47",
        "@paypal/sdk-logos": "1.0.19",
        "belter": "1.0.120",
        "cross-domain-utils": "2.0.32",
        "jsx-pragmatic": "2.0.8",
        "post-robot": "10.0.31",
        "zalgo-promise": "1.0.44",
        "zoid": "9.0.42"
      }
    },
    "@paypal/common-components": {
      "version": "1.0.8",
      "resolved": "https://registry.npmjs.org/@paypal/common-components/-/common-components-1.0.8.tgz",
      "integrity": "sha512-oLwmpsm6fWX+lvbSfPV/8Epo3vU5gqCrRITvPX2mPZtzP002x8npsrM8xjXpcywi0/T7wpaT64Emg3+SIYbnXQ==",
      "requires": {
        "@paypal/sdk-client": "4.0.113",
        "@paypal/sdk-constants": "1.0.47",
        "@paypal/sdk-logos": "1.0.19",
        "belter": "1.0.120",
        "jsx-pragmatic": "2.0.8",
        "post-robot": "10.0.31",
        "zalgo-promise": "1.0.44",
        "zoid": "9.0.42"
      }
    },
    "@paypal/example-components": {
      "version": "1.0.27",
      "resolved": "https://registry.npmjs.org/@paypal/example-components/-/example-components-1.0.27.tgz",
      "integrity": "sha512-/+jAtBNuIo9ZPTXl98B+lsjeay26lZI3kEzBg/BARELOrVKLWynSAZY51glfLET4gDKjlTU1OggOdJLcE+PbHA==",
      "requires": {
        "@paypal/sdk-client": "4.0.113"
      }
    },
    "@paypal/funding-components": {
      "version": "1.0.15",
      "resolved": "https://registry.npmjs.org/@paypal/funding-components/-/funding-components-1.0.15.tgz",
      "integrity": "sha512-JtPaK6y7/xyBS5OFPXtFXiuZrb0sn9Hdbcup5EWMFTD1kqVrzbOvxnbPoGB8LwqyC2KSM+0dUDiXE5plhs8Yug==",
      "requires": {
        "@paypal/sdk-client": "4.0.113",
        "@paypal/sdk-constants": "1.0.47",
        "belter": "1.0.120",
        "cross-domain-utils": "2.0.32"
      }
    },
    "@paypal/messaging-components": {
      "version": "1.7.10",
      "resolved": "https://registry.npmjs.org/@paypal/messaging-components/-/messaging-components-1.7.10.tgz",
      "integrity": "sha512-SYh3Sg8MfN+FZSMBTCuZjAu8lVZhDRSz8wQLyeaDAr00PEtmVdGObI6039q84xxl4a/byHO0E+Lp9Z89z4AqMw==",
      "requires": {
        "@paypal/sdk-client": "4.0.113",
        "belter": "1.0.120",
        "core-js-pure": "3.6.4",
        "jsx-pragmatic": "2.0.8",
        "post-robot": "10.0.31",
        "zalgo-promise": "1.0.44",
        "zoid": "9.0.42"
      }
    },
    "@paypal/muse-components": {
      "version": "1.3.15",
      "resolved": "https://registry.npmjs.org/@paypal/muse-components/-/muse-components-1.3.15.tgz",
      "integrity": "sha512-aMUXNTcfwVShCvZJUv/V/AiPprHzpkRjoThI8AnU1cLvgfU9R6p4G9TwEXgUrsjojHgTHaaEZhiZ5AaigkIsMg==",
      "requires": {
        "@paypal/sdk-client": "4.0.113",
        "whatwg-fetch": "3.0.0"
      }
    },
    "@paypal/risk-data-collector": {
      "version": "1.0.2",
      "resolved": "https://registry.npmjs.org/@paypal/risk-data-collector/-/risk-data-collector-1.0.2.tgz",
      "integrity": "sha512-VncbK3AY/1OM5iH21kFCOP6uLklece0C7TrhQr+2sur5OGzs+i10a1OQ0imx1ge8JEakeJwaEb5XsWhN5A5/7A=="
    },
    "@paypal/sdk-client": {
      "version": "4.0.113",
      "resolved": "https://registry.npmjs.org/@paypal/sdk-client/-/sdk-client-4.0.113.tgz",
      "integrity": "sha512-T0LabGzbn2omT+RVgkhYXi26UiZ6ZvEKypwf+dYYo8x6QwEsLgjJo+SY9fRF8mZWEnfzuClRe7dVr2f/znK85Q==",
      "requires": {
        "@paypal/sdk-constants": "1.0.47",
        "beaver-logger": "4.0.14",
        "belter": "1.0.120",
        "bowser": "1.9.4",
        "jsx-pragmatic": "2.0.8",
        "zalgo-promise": "1.0.44"
      }
    },
    "@paypal/sdk-constants": {
      "version": "1.0.47",
      "resolved": "https://registry.npmjs.org/@paypal/sdk-constants/-/sdk-constants-1.0.47.tgz",
      "integrity": "sha512-jBjawDpYCNClY0eWeDGgSJhsiEIBZ+bW960dth77oe4/UrgnV2A9xQ1MVWHVcQnoG4Z+iSjS1Qh5Wr5VAOf8EQ==",
      "requires": {
        "cross-domain-utils": "2.0.32",
        "hi-base32": "0.5.0",
        "zalgo-promise": "1.0.44"
      }
    },
    "@paypal/sdk-logos": {
      "version": "1.0.19",
      "resolved": "https://registry.npmjs.org/@paypal/sdk-logos/-/sdk-logos-1.0.19.tgz",
      "integrity": "sha512-l0w4Q0TRMbXDi5x0IinNFnrbnioHtxeImgR4Ms1qQxWQMR0iSPPoknynqI0ENAgbyBmG5JgLHF6k4pKiEGYs3Q==",
      "requires": {
        "@paypal/sdk-constants": "1.0.47",
        "belter": "1.0.120",
        "jsx-pragmatic": "2.0.8"
      }
    },
    "beaver-logger": {
      "version": "4.0.14",
      "resolved": "https://registry.npmjs.org/beaver-logger/-/beaver-logger-4.0.14.tgz",
      "integrity": "sha512-Qic2cLz98t4EPNPqvW+Yk4hIIxclDzMipVEWvL4a9BnusRZ+HNRyypZdK3XNlPMgEaBOr3TOjxC0F+hrITNveA==",
      "requires": {
        "belter": "1.0.120",
        "zalgo-promise": "1.0.44"
      }
    },
    "belter": {
      "version": "1.0.120",
      "resolved": "https://registry.npmjs.org/belter/-/belter-1.0.120.tgz",
      "integrity": "sha512-n9y+gNmacueLY8+aR/AVu5KxqzoHlrgR5pr24n81KYlqzMsLlRJipi993HBiUgkX7g6W1Zt91DaPozaqbnyKKw==",
      "requires": {
        "cross-domain-safe-weakmap": "1.0.27",
        "cross-domain-utils": "2.0.32",
        "zalgo-promise": "1.0.44"
      }
    },
    "bowser": {
      "version": "1.9.4",
      "resolved": "https://registry.npmjs.org/bowser/-/bowser-1.9.4.tgz",
      "integrity": "sha512-9IdMmj2KjigRq6oWhmwv1W36pDuA4STQZ8q6YO9um+x07xgYNCD3Oou+WP/3L1HNz7iqythGet3/p4wvc8AAwQ=="
    },
    "braintree-web": {
      "version": "3.60.0",
      "resolved": "https://registry.npmjs.org/braintree-web/-/braintree-web-3.60.0.tgz",
      "integrity": "sha512-kr71YcbX5L1JYeVxTdrotR5xXlynWbvIkP9qxjKpwZsMNs2xlWFrqHztYhoE0AdzQNiYcAElX8t3wOAfkVFhLQ==",
      "requires": {
        "@braintree/asset-loader": "0.3.1",
        "@braintree/browser-detection": "1.9.0",
        "@braintree/class-list": "0.1.0",
        "@braintree/event-emitter": "0.3.0",
        "@braintree/extended-promise": "0.3.0",
        "@braintree/iframer": "1.0.3",
        "@braintree/sanitize-url": "4.0.0",
        "@braintree/wrap-promise": "2.0.0",
        "card-validator": "6.2.0",
        "credit-card-type": "8.3.0",
        "framebus": "3.0.2",
        "inject-stylesheet": "2.0.0",
        "promise-polyfill": "8.1.3",
        "restricted-input": "2.1.0"
      }
    },
    "card-validator": {
      "version": "6.2.0",
      "resolved": "https://registry.npmjs.org/card-validator/-/card-validator-6.2.0.tgz",
      "integrity": "sha512-1vYv45JaE9NmixZr4dl6ykzbFKv7imI9L7MQDs235b/a7EGbG8rrEsipeHtVvscLSUbl3RX6UP5gyOe0Y2FlHA==",
      "requires": {
        "credit-card-type": "8.3.0"
      }
    },
    "core-js-pure": {
      "version": "3.6.4",
      "resolved": "https://registry.npmjs.org/core-js-pure/-/core-js-pure-3.6.4.tgz",
      "integrity": "sha512-epIhRLkXdgv32xIUFaaAry2wdxZYBi6bgM7cB136dzzXXa+dFyRLTZeLUJxnd8ShrmyVXBub63n2NHo2JAt8Cw=="
    },
    "credit-card-type": {
      "version": "8.3.0",
      "resolved": "https://registry.npmjs.org/credit-card-type/-/credit-card-type-8.3.0.tgz",
      "integrity": "sha512-czfZUpQ7W9CDxZL4yFLb1kFtM/q2lTOY975hL2aO+DC8+GRNDVSXVCHXhVFZPxiUKmQCZbFP8vIhxx5TBQaThw=="
    },
    "cross-domain-safe-weakmap": {
      "version": "1.0.27",
      "resolved": "https://registry.npmjs.org/cross-domain-safe-weakmap/-/cross-domain-safe-weakmap-1.0.27.tgz",
      "integrity": "sha512-f5etDzszteeGh99Dzd7o72FGwd8rLGzgEv50Vk0r8mLzPdQEzcb7Vmx3PfKWD4k66Hp8vN0BLPuBmmMs4UxseQ==",
      "requires": {
        "cross-domain-utils": "2.0.32"
      }
    },
    "cross-domain-utils": {
      "version": "2.0.32",
      "resolved": "https://registry.npmjs.org/cross-domain-utils/-/cross-domain-utils-2.0.32.tgz",
      "integrity": "sha512-3qwXBJxVuctEcH6jg0MkFCyIYq6ta+x1OVlCmBrtJxlPGtdRqn0zV4Z0SfZaxzX3QBLAeiwWS8FKPQZ5ihWPxw==",
      "requires": {
        "zalgo-promise": "1.0.44"
      }
    },
    "framebus": {
      "version": "3.0.2",
      "resolved": "https://registry.npmjs.org/framebus/-/framebus-3.0.2.tgz",
      "integrity": "sha512-OqhYkhgRYlpKZoSl5EA3whKh8O8omFPCzf7MGzFqC6CtrT8lg7evNgU6QdjC3uY3ATq5saMDiY5HJ8KGiGDYCA=="
    },
    "hi-base32": {
      "version": "0.5.0",
      "resolved": "https://registry.npmjs.org/hi-base32/-/hi-base32-0.5.0.tgz",
      "integrity": "sha512-DDRmxSyoYuvjUb9EnXdoiMChBZ7ZcUVJsK5Frd3kqMhuBxvmZdnBeynAVfj7/ECbn++CekcoprvC/rprHPAtow=="
    },
    "inject-stylesheet": {
      "version": "2.0.0",
      "resolved": "https://registry.npmjs.org/inject-stylesheet/-/inject-stylesheet-2.0.0.tgz",
      "integrity": "sha512-XiItpXWDXRrH1VhG5AnHghuZdpDp6UeugiOKBr3RGmANucucHwKuT0BPSB0zpDqiX3P+rhhJFip1rxOI18+/Tw=="
    },
    "jsx-pragmatic": {
      "version": "2.0.8",
      "resolved": "https://registry.npmjs.org/jsx-pragmatic/-/jsx-pragmatic-2.0.8.tgz",
      "integrity": "sha512-GW/useY0fQOEXI/6LfxJHgRkhs/KHwaN9wQco+tZ3xh4uUPgb6egKtKDlqbymg4By4HLKHNtN6O2wnDyutvZUA=="
    },
    "post-robot": {
      "version": "10.0.31",
      "resolved": "https://registry.npmjs.org/post-robot/-/post-robot-10.0.31.tgz",
      "integrity": "sha512-BIw0VCKRlugKYiRTiAYWS/g2/LYjoCfn/YHO9MKcrGGyeHqw1FBaFx4FTcYsTz5z8s6bJGlj6WynSEAe6uA5LA==",
      "requires": {
        "belter": "1.0.120",
        "cross-domain-safe-weakmap": "1.0.27",
        "cross-domain-utils": "2.0.32",
        "universal-serialize": "1.0.7",
        "zalgo-promise": "1.0.44"
      }
    },
    "promise-polyfill": {
      "version": "8.1.3",
      "resolved": "https://registry.npmjs.org/promise-polyfill/-/promise-polyfill-8.1.3.tgz",
      "integrity": "sha512-MG5r82wBzh7pSKDRa9y+vllNHz3e3d4CNj1PQE4BQYxLme0gKYYBm9YENq+UkEikyZ0XbiGWxYlVw3Rl9O/U8g=="
    },
    "restricted-input": {
      "version": "2.1.0",
      "resolved": "https://registry.npmjs.org/restricted-input/-/restricted-input-2.1.0.tgz",
      "integrity": "sha512-dH4cNfdTgChSlqYGff0zMtLSPWj3oU4oph9GvHgWhDEiHftk7/B9Ci5y5mCts2atvcm2a0gTZ8XqNaP9cVzMwg==",
      "requires": {
        "@braintree/browser-detection": "1.9.0"
      }
    },
    "universal-serialize": {
      "version": "1.0.7",
      "resolved": "https://registry.npmjs.org/universal-serialize/-/universal-serialize-1.0.7.tgz",
      "integrity": "sha512-rHWw4zdhPqKqbBu3GbNzdicHRc+0byzAFFcImDMo8x+S9yYfyqYQQcr749NV8jO/0YisMzd+LjeivdbHUzA67A=="
    },
    "whatwg-fetch": {
      "version": "3.0.0",
      "resolved": "https://registry.npmjs.org/whatwg-fetch/-/whatwg-fetch-3.0.0.tgz",
      "integrity": "sha512-9GSJUgz1D4MfyKU7KRqwOjXCXTqWdFNvEr7eUBYchQiVc744mqK/MzXPNR2WsPkmkOa4ywfg8C2n8h+13Bey1Q=="
    },
    "zalgo-promise": {
      "version": "1.0.44",
      "resolved": "https://registry.npmjs.org/zalgo-promise/-/zalgo-promise-1.0.44.tgz",
      "integrity": "sha512-CSQ1xh0vVwgrohObNdysPANonBV+3yl1Xy+qrtMWBvb/a0D/2OUNqb0GJvaAgGtP/gQawtiQAFil2bGSq8aoMA=="
    },
    "zoid": {
      "version": "9.0.42",
      "resolved": "https://registry.npmjs.org/zoid/-/zoid-9.0.42.tgz",
      "integrity": "sha512-QLdWPBOP4yTWhffuR+ASerGrpapLXqlgCkH+fW9ud5biwGgJ6IsOr4BjgdvkRHFuuTaPtMB/mVtWxa2LAJ+WDQ==",
      "requires": {
        "belter": "1.0.120",
        "cross-domain-utils": "2.0.32",
        "post-robot": "10.0.31",
        "zalgo-promise": "1.0.44"
      }
    }
  }
}
